{
  "name": "aida64-to-json",
  "version": "1.0.0",
  "lockfileVersion": 1,
  "requires": true,
  "dependencies": {
    "winreg": {
      "version": "1.2.4",
      "resolved": "https://registry.npm.taobao.org/winreg/download/winreg-1.2.4.tgz",
      "integrity": "sha1-ugZWKbepJRMOFXeRCM9UCZDpjRs="
    }
  }
}
